// !$*UTF8*$!
{
	archiveVersion = 1;
	classes = {
	};
	objectVersion = 56;
	objects = {

/* Begin PBXBuildFile section */
		2279817329B5DCF700F1FDFD /* CommonCell.swift in Sources */ = {isa = PBXBuildFile; fileRef = 2279817229B5DCF700F1FDFD /* CommonCell.swift */; };
		2279817529B5DDA100F1FDFD /* CommonView.swift in Sources */ = {isa = PBXBuildFile; fileRef = 2279817429B5DDA100F1FDFD /* CommonView.swift */; };
		2279817729B5DDDD00F1FDFD /* CommonViewModel.swift in Sources */ = {isa = PBXBuildFile; fileRef = 2279817629B5DDDD00F1FDFD /* CommonViewModel.swift */; };
		2279817929B5DE1C00F1FDFD /* CommonExtension.swift in Sources */ = {isa = PBXBuildFile; fileRef = 2279817829B5DE1C00F1FDFD /* CommonExtension.swift */; };
		2279817B29B5DF2B00F1FDFD /* CommonTools.swift in Sources */ = {isa = PBXBuildFile; fileRef = 2279817A29B5DF2B00F1FDFD /* CommonTools.swift */; };
		2279817D29B7377600F1FDFD /* TestXIB.xib in Resources */ = {isa = PBXBuildFile; fileRef = 2279817C29B7377600F1FDFD /* TestXIB.xib */; };
		2279817F29B738AE00F1FDFD /* TestXIB.swift in Sources */ = {isa = PBXBuildFile; fileRef = 2279817E29B738AE00F1FDFD /* TestXIB.swift */; };
		22DE8DEA29ADFE530063C1EC /* AppDelegate.swift in Sources */ = {isa = PBXBuildFile; fileRef = 22DE8DE929ADFE530063C1EC /* AppDelegate.swift */; };
		22DE8DEC29ADFE530063C1EC /* SceneDelegate.swift in Sources */ = {isa = PBXBuildFile; fileRef = 22DE8DEB29ADFE530063C1EC /* SceneDelegate.swift */; };
		22DE8DEE29ADFE530063C1EC /* ViewController.swift in Sources */ = {isa = PBXBuildFile; fileRef = 22DE8DED29ADFE530063C1EC /* ViewController.swift */; };
		22DE8DF129ADFE530063C1EC /* Main.storyboard in Resources */ = {isa = PBXBuildFile; fileRef = 22DE8DEF29ADFE530063C1EC /* Main.storyboard */; };
		22DE8DF329ADFE550063C1EC /* Assets.xcassets in Resources */ = {isa = PBXBuildFile; fileRef = 22DE8DF229ADFE550063C1EC /* Assets.xcassets */; };
		22DE8DF629ADFE550063C1EC /* LaunchScreen.storyboard in Resources */ = {isa = PBXBuildFile; fileRef = 22DE8DF429ADFE550063C1EC /* LaunchScreen.storyboard */; };
		22DE8DFF29AE02470063C1EC /* SwiftyJSON in Frameworks */ = {isa = PBXBuildFile; productRef = 22DE8DFE29AE02470063C1EC /* SwiftyJSON */; };
		22DE8E0229AE02850063C1EC /* SnapKit in Frameworks */ = {isa = PBXBuildFile; productRef = 22DE8E0129AE02850063C1EC /* SnapKit */; };
		22DE8E0E29AE172A0063C1EC /* Relation_model.swift in Sources */ = {isa = PBXBuildFile; fileRef = 22DE8E0529AE172A0063C1EC /* Relation_model.swift */; };
		22DE8E0F29AE172A0063C1EC /* FirmwareDetails_model.swift in Sources */ = {isa = PBXBuildFile; fileRef = 22DE8E0629AE172A0063C1EC /* FirmwareDetails_model.swift */; };
		22DE8E1029AE172A0063C1EC /* Wifi_model.swift in Sources */ = {isa = PBXBuildFile; fileRef = 22DE8E0729AE172A0063C1EC /* Wifi_model.swift */; };
		22DE8E1129AE172A0063C1EC /* Settings_model.swift in Sources */ = {isa = PBXBuildFile; fileRef = 22DE8E0829AE172A0063C1EC /* Settings_model.swift */; };
		22DE8E1229AE172A0063C1EC /* H3DeviceDetail_model.swift in Sources */ = {isa = PBXBuildFile; fileRef = 22DE8E0929AE172A0063C1EC /* H3DeviceDetail_model.swift */; };
		22DE8E1329AE172A0063C1EC /* Result_model.swift in Sources */ = {isa = PBXBuildFile; fileRef = 22DE8E0A29AE172A0063C1EC /* Result_model.swift */; };
		22DE8E1429AE172A0063C1EC /* State_model.swift in Sources */ = {isa = PBXBuildFile; fileRef = 22DE8E0B29AE172A0063C1EC /* State_model.swift */; };
		22DE8E1529AE172A0063C1EC /* User_model.swift in Sources */ = {isa = PBXBuildFile; fileRef = 22DE8E0C29AE172A0063C1EC /* User_model.swift */; };
		22DE8E1629AE172A0063C1EC /* Point_model.swift in Sources */ = {isa = PBXBuildFile; fileRef = 22DE8E0D29AE172A0063C1EC /* Point_model.swift */; };
		22DE8E1829AE18160063C1EC /* H3DeviceDetail.json in Resources */ = {isa = PBXBuildFile; fileRef = 22DE8E1729AE18150063C1EC /* H3DeviceDetail.json */; };
		22DE8E1F29AE18EF0063C1EC /* SysXp2pInfo_model.swift in Sources */ = {isa = PBXBuildFile; fileRef = 22DE8E1A29AE18EE0063C1EC /* SysXp2pInfo_model.swift */; };
		22DE8E2029AE18EF0063C1EC /* getDeviceXp2pInfoResult_model.swift in Sources */ = {isa = PBXBuildFile; fileRef = 22DE8E1B29AE18EE0063C1EC /* getDeviceXp2pInfoResult_model.swift */; };
		22DE8E2129AE18EF0063C1EC /* H3P2PInfo_model.swift in Sources */ = {isa = PBXBuildFile; fileRef = 22DE8E1C29AE18EE0063C1EC /* H3P2PInfo_model.swift */; };
		22DE8E2229AE18EF0063C1EC /* DevInfo_model.swift in Sources */ = {isa = PBXBuildFile; fileRef = 22DE8E1D29AE18EE0063C1EC /* DevInfo_model.swift */; };
		22DE8E2329AE18EF0063C1EC /* Value_model.swift in Sources */ = {isa = PBXBuildFile; fileRef = 22DE8E1E29AE18EF0063C1EC /* Value_model.swift */; };
		22DE8E2529AEF6F40063C1EC /* FullPlayViewController.swift in Sources */ = {isa = PBXBuildFile; fileRef = 22DE8E2429AEF6F40063C1EC /* FullPlayViewController.swift */; };
		22DE8E2729AEF7650063C1EC /* TestViewController.swift in Sources */ = {isa = PBXBuildFile; fileRef = 22DE8E2629AEF7650063C1EC /* TestViewController.swift */; };
/* End PBXBuildFile section */

/* Begin PBXFileReference section */
		2279817229B5DCF700F1FDFD /* CommonCell.swift */ = {isa = PBXFileReference; lastKnownFileType = sourcecode.swift; path = CommonCell.swift; sourceTree = "<group>"; };
		2279817429B5DDA100F1FDFD /* CommonView.swift */ = {isa = PBXFileReference; lastKnownFileType = sourcecode.swift; path = CommonView.swift; sourceTree = "<group>"; };
		2279817629B5DDDD00F1FDFD /* CommonViewModel.swift */ = {isa = PBXFileReference; lastKnownFileType = sourcecode.swift; path = CommonViewModel.swift; sourceTree = "<group>"; };
		2279817829B5DE1C00F1FDFD /* CommonExtension.swift */ = {isa = PBXFileReference; lastKnownFileType = sourcecode.swift; path = CommonExtension.swift; sourceTree = "<group>"; };
		2279817A29B5DF2B00F1FDFD /* CommonTools.swift */ = {isa = PBXFileReference; lastKnownFileType = sourcecode.swift; path = CommonTools.swift; sourceTree = "<group>"; };
		2279817C29B7377600F1FDFD /* TestXIB.xib */ = {isa = PBXFileReference; lastKnownFileType = file.xib; path = TestXIB.xib; sourceTree = "<group>"; };
		2279817E29B738AE00F1FDFD /* TestXIB.swift */ = {isa = PBXFileReference; lastKnownFileType = sourcecode.swift; path = TestXIB.swift; sourceTree = "<group>"; };
		22DE8DE629ADFE530063C1EC /* Personal.app */ = {isa = PBXFileReference; explicitFileType = wrapper.application; includeInIndex = 0; path = Personal.app; sourceTree = BUILT_PRODUCTS_DIR; };
		22DE8DE929ADFE530063C1EC /* AppDelegate.swift */ = {isa = PBXFileReference; lastKnownFileType = sourcecode.swift; path = AppDelegate.swift; sourceTree = "<group>"; };
		22DE8DEB29ADFE530063C1EC /* SceneDelegate.swift */ = {isa = PBXFileReference; lastKnownFileType = sourcecode.swift; path = SceneDelegate.swift; sourceTree = "<group>"; };
		22DE8DED29ADFE530063C1EC /* ViewController.swift */ = {isa = PBXFileReference; lastKnownFileType = sourcecode.swift; path = ViewController.swift; sourceTree = "<group>"; };
		22DE8DF029ADFE530063C1EC /* Base */ = {isa = PBXFileReference; lastKnownFileType = file.storyboard; name = Base; path = Base.lproj/Main.storyboard; sourceTree = "<group>"; };
		22DE8DF229ADFE550063C1EC /* Assets.xcassets */ = {isa = PBXFileReference; lastKnownFileType = folder.assetcatalog; path = Assets.xcassets; sourceTree = "<group>"; };
		22DE8DF529ADFE550063C1EC /* Base */ = {isa = PBXFileReference; lastKnownFileType = file.storyboard; name = Base; path = Base.lproj/LaunchScreen.storyboard; sourceTree = "<group>"; };
		22DE8DF729ADFE550063C1EC /* Info.plist */ = {isa = PBXFileReference; lastKnownFileType = text.plist.xml; path = Info.plist; sourceTree = "<group>"; };
		22DE8E0529AE172A0063C1EC /* Relation_model.swift */ = {isa = PBXFileReference; fileEncoding = 4; lastKnownFileType = sourcecode.swift; path = Relation_model.swift; sourceTree = "<group>"; };
		22DE8E0629AE172A0063C1EC /* FirmwareDetails_model.swift */ = {isa = PBXFileReference; fileEncoding = 4; lastKnownFileType = sourcecode.swift; path = FirmwareDetails_model.swift; sourceTree = "<group>"; };
		22DE8E0729AE172A0063C1EC /* Wifi_model.swift */ = {isa = PBXFileReference; fileEncoding = 4; lastKnownFileType = sourcecode.swift; path = Wifi_model.swift; sourceTree = "<group>"; };
		22DE8E0829AE172A0063C1EC /* Settings_model.swift */ = {isa = PBXFileReference; fileEncoding = 4; lastKnownFileType = sourcecode.swift; path = Settings_model.swift; sourceTree = "<group>"; };
		22DE8E0929AE172A0063C1EC /* H3DeviceDetail_model.swift */ = {isa = PBXFileReference; fileEncoding = 4; lastKnownFileType = sourcecode.swift; path = H3DeviceDetail_model.swift; sourceTree = "<group>"; };
		22DE8E0A29AE172A0063C1EC /* Result_model.swift */ = {isa = PBXFileReference; fileEncoding = 4; lastKnownFileType = sourcecode.swift; path = Result_model.swift; sourceTree = "<group>"; };
		22DE8E0B29AE172A0063C1EC /* State_model.swift */ = {isa = PBXFileReference; fileEncoding = 4; lastKnownFileType = sourcecode.swift; path = State_model.swift; sourceTree = "<group>"; };
		22DE8E0C29AE172A0063C1EC /* User_model.swift */ = {isa = PBXFileReference; fileEncoding = 4; lastKnownFileType = sourcecode.swift; path = User_model.swift; sourceTree = "<group>"; };
		22DE8E0D29AE172A0063C1EC /* Point_model.swift */ = {isa = PBXFileReference; fileEncoding = 4; lastKnownFileType = sourcecode.swift; path = Point_model.swift; sourceTree = "<group>"; };
		22DE8E1729AE18150063C1EC /* H3DeviceDetail.json */ = {isa = PBXFileReference; fileEncoding = 4; lastKnownFileType = text.json; path = H3DeviceDetail.json; sourceTree = "<group>"; };
		22DE8E1A29AE18EE0063C1EC /* SysXp2pInfo_model.swift */ = {isa = PBXFileReference; fileEncoding = 4; lastKnownFileType = sourcecode.swift; path = SysXp2pInfo_model.swift; sourceTree = "<group>"; };
		22DE8E1B29AE18EE0063C1EC /* getDeviceXp2pInfoResult_model.swift */ = {isa = PBXFileReference; fileEncoding = 4; lastKnownFileType = sourcecode.swift; path = getDeviceXp2pInfoResult_model.swift; sourceTree = "<group>"; };
		22DE8E1C29AE18EE0063C1EC /* H3P2PInfo_model.swift */ = {isa = PBXFileReference; fileEncoding = 4; lastKnownFileType = sourcecode.swift; path = H3P2PInfo_model.swift; sourceTree = "<group>"; };
		22DE8E1D29AE18EE0063C1EC /* DevInfo_model.swift */ = {isa = PBXFileReference; fileEncoding = 4; lastKnownFileType = sourcecode.swift; path = DevInfo_model.swift; sourceTree = "<group>"; };
		22DE8E1E29AE18EF0063C1EC /* Value_model.swift */ = {isa = PBXFileReference; fileEncoding = 4; lastKnownFileType = sourcecode.swift; path = Value_model.swift; sourceTree = "<group>"; };
		22DE8E2429AEF6F40063C1EC /* FullPlayViewController.swift */ = {isa = PBXFileReference; lastKnownFileType = sourcecode.swift; path = FullPlayViewController.swift; sourceTree = "<group>"; };
		22DE8E2629AEF7650063C1EC /* TestViewController.swift */ = {isa = PBXFileReference; lastKnownFileType = sourcecode.swift; path = TestViewController.swift; sourceTree = "<group>"; };
/* End PBXFileReference section */

/* Begin PBXFrameworksBuildPhase section */
		22DE8DE329ADFE530063C1EC /* Frameworks */ = {
			isa = PBXFrameworksBuildPhase;
			buildActionMask = 2147483647;
			files = (
				22DE8DFF29AE02470063C1EC /* SwiftyJSON in Frameworks */,
				22DE8E0229AE02850063C1EC /* SnapKit in Frameworks */,
			);
			runOnlyForDeploymentPostprocessing = 0;
		};
/* End PBXFrameworksBuildPhase section */

/* Begin PBXGroup section */
		22DE8DDD29ADFE530063C1EC = {
			isa = PBXGroup;
			children = (
				22DE8DE829ADFE530063C1EC /* Personal */,
				22DE8DE729ADFE530063C1EC /* Products */,
			);
			sourceTree = "<group>";
		};
		22DE8DE729ADFE530063C1EC /* Products */ = {
			isa = PBXGroup;
			children = (
				22DE8DE629ADFE530063C1EC /* Personal.app */,
			);
			name = Products;
			sourceTree = "<group>";
		};
		22DE8DE829ADFE530063C1EC /* Personal */ = {
			isa = PBXGroup;
			children = (
				22DE8E1929AE18D80063C1EC /* H3P2PInfo */,
				22DE8E0429AE16830063C1EC /* H3DeviceDetail */,
				22DE8DE929ADFE530063C1EC /* AppDelegate.swift */,
				22DE8DEB29ADFE530063C1EC /* SceneDelegate.swift */,
				22DE8DED29ADFE530063C1EC /* ViewController.swift */,
				22DE8DEF29ADFE530063C1EC /* Main.storyboard */,
				22DE8DF229ADFE550063C1EC /* Assets.xcassets */,
				22DE8DF429ADFE550063C1EC /* LaunchScreen.storyboard */,
				22DE8DF729ADFE550063C1EC /* Info.plist */,
				22DE8E2429AEF6F40063C1EC /* FullPlayViewController.swift */,
				22DE8E2629AEF7650063C1EC /* TestViewController.swift */,
				2279817229B5DCF700F1FDFD /* CommonCell.swift */,
				2279817429B5DDA100F1FDFD /* CommonView.swift */,
				2279817629B5DDDD00F1FDFD /* CommonViewModel.swift */,
				2279817829B5DE1C00F1FDFD /* CommonExtension.swift */,
				2279817A29B5DF2B00F1FDFD /* CommonTools.swift */,
				2279817C29B7377600F1FDFD /* TestXIB.xib */,
				2279817E29B738AE00F1FDFD /* TestXIB.swift */,
			);
			path = Personal;
			sourceTree = "<group>";
		};
		22DE8E0429AE16830063C1EC /* H3DeviceDetail */ = {
			isa = PBXGroup;
			children = (
				22DE8E0629AE172A0063C1EC /* FirmwareDetails_model.swift */,
				22DE8E0929AE172A0063C1EC /* H3DeviceDetail_model.swift */,
				22DE8E0D29AE172A0063C1EC /* Point_model.swift */,
				22DE8E0529AE172A0063C1EC /* Relation_model.swift */,
				22DE8E0A29AE172A0063C1EC /* Result_model.swift */,
				22DE8E0829AE172A0063C1EC /* Settings_model.swift */,
				22DE8E0B29AE172A0063C1EC /* State_model.swift */,
				22DE8E0C29AE172A0063C1EC /* User_model.swift */,
				22DE8E0729AE172A0063C1EC /* Wifi_model.swift */,
				22DE8E1729AE18150063C1EC /* H3DeviceDetail.json */,
			);
			path = H3DeviceDetail;
			sourceTree = "<group>";
		};
		22DE8E1929AE18D80063C1EC /* H3P2PInfo */ = {
			isa = PBXGroup;
			children = (
				22DE8E1D29AE18EE0063C1EC /* DevInfo_model.swift */,
				22DE8E1C29AE18EE0063C1EC /* H3P2PInfo_model.swift */,
				22DE8E1B29AE18EE0063C1EC /* getDeviceXp2pInfoResult_model.swift */,
				22DE8E1A29AE18EE0063C1EC /* SysXp2pInfo_model.swift */,
				22DE8E1E29AE18EF0063C1EC /* Value_model.swift */,
			);
			path = H3P2PInfo;
			sourceTree = "<group>";
		};
/* End PBXGroup section */

/* Begin PBXNativeTarget section */
		22DE8DE529ADFE530063C1EC /* Personal */ = {
			isa = PBXNativeTarget;
			buildConfigurationList = 22DE8DFA29ADFE550063C1EC /* Build configuration list for PBXNativeTarget "Personal" */;
			buildPhases = (
				22DE8DE229ADFE530063C1EC /* Sources */,
				22DE8DE329ADFE530063C1EC /* Frameworks */,
				22DE8DE429ADFE530063C1EC /* Resources */,
			);
			buildRules = (
			);
			dependencies = (
			);
			name = Personal;
			packageProductDependencies = (
				22DE8DFE29AE02470063C1EC /* SwiftyJSON */,
				22DE8E0129AE02850063C1EC /* SnapKit */,
			);
			productName = Personal;
			productReference = 22DE8DE629ADFE530063C1EC /* Personal.app */;
			productType = "com.apple.product-type.application";
		};
/* End PBXNativeTarget section */

/* Begin PBXProject section */
		22DE8DDE29ADFE530063C1EC /* Project object */ = {
			isa = PBXProject;
			attributes = {
				BuildIndependentTargetsInParallel = 1;
				LastSwiftUpdateCheck = 1420;
				LastUpgradeCheck = 1420;
				TargetAttributes = {
					22DE8DE529ADFE530063C1EC = {
						CreatedOnToolsVersion = 14.2;
					};
				};
			};
			buildConfigurationList = 22DE8DE129ADFE530063C1EC /* Build configuration list for PBXProject "Personal" */;
			compatibilityVersion = "Xcode 14.0";
			developmentRegion = en;
			hasScannedForEncodings = 0;
			knownRegions = (
				en,
				Base,
			);
			mainGroup = 22DE8DDD29ADFE530063C1EC;
			packageReferences = (
				22DE8DFD29AE02470063C1EC /* XCRemoteSwiftPackageReference "SwiftyJSON" */,
				22DE8E0029AE02850063C1EC /* XCRemoteSwiftPackageReference "SnapKit" */,
				22DE8E0329AE07A50063C1EC /* XCRemoteSwiftPackageReference "RxSwift" */,
			);
			productRefGroup = 22DE8DE729ADFE530063C1EC /* Products */;
			projectDirPath = "";
			projectRoot = "";
			targets = (
				22DE8DE529ADFE530063C1EC /* Personal */,
			);
		};
/* End PBXProject section */

/* Begin PBXResourcesBuildPhase section */
		22DE8DE429ADFE530063C1EC /* Resources */ = {
			isa = PBXResourcesBuildPhase;
			buildActionMask = 2147483647;
			files = (
				22DE8DF629ADFE550063C1EC /* LaunchScreen.storyboard in Resources */,
				2279817D29B7377600F1FDFD /* TestXIB.xib in Resources */,
				22DE8E1829AE18160063C1EC /* H3DeviceDetail.json in Resources */,
				22DE8DF329ADFE550063C1EC /* Assets.xcassets in Resources */,
				22DE8DF129ADFE530063C1EC /* Main.storyboard in Resources */,
			);
			runOnlyForDeploymentPostprocessing = 0;
		};
/* End PBXResourcesBuildPhase section */

/* Begin PBXSourcesBuildPhase section */
		22DE8DE229ADFE530063C1EC /* Sources */ = {
			isa = PBXSourcesBuildPhase;
			buildActionMask = 2147483647;
			files = (
				2279817929B5DE1C00F1FDFD /* CommonExtension.swift in Sources */,
				22DE8DEE29ADFE530063C1EC /* ViewController.swift in Sources */,
				22DE8E2729AEF7650063C1EC /* TestViewController.swift in Sources */,
				2279817529B5DDA100F1FDFD /* CommonView.swift in Sources */,
				22DE8E1529AE172A0063C1EC /* User_model.swift in Sources */,
				22DE8E1629AE172A0063C1EC /* Point_model.swift in Sources */,
				22DE8E0F29AE172A0063C1EC /* FirmwareDetails_model.swift in Sources */,
				22DE8E0E29AE172A0063C1EC /* Relation_model.swift in Sources */,
				2279817729B5DDDD00F1FDFD /* CommonViewModel.swift in Sources */,
				22DE8E1429AE172A0063C1EC /* State_model.swift in Sources */,
				2279817F29B738AE00F1FDFD /* TestXIB.swift in Sources */,
				22DE8E1229AE172A0063C1EC /* H3DeviceDetail_model.swift in Sources */,
				2279817329B5DCF700F1FDFD /* CommonCell.swift in Sources */,
				22DE8E1F29AE18EF0063C1EC /* SysXp2pInfo_model.swift in Sources */,
				22DE8DEA29ADFE530063C1EC /* AppDelegate.swift in Sources */,
				2279817B29B5DF2B00F1FDFD /* CommonTools.swift in Sources */,
				22DE8E2229AE18EF0063C1EC /* DevInfo_model.swift in Sources */,
				22DE8E1029AE172A0063C1EC /* Wifi_model.swift in Sources */,
				22DE8E2029AE18EF0063C1EC /* getDeviceXp2pInfoResult_model.swift in Sources */,
				22DE8E2129AE18EF0063C1EC /* H3P2PInfo_model.swift in Sources */,
				22DE8DEC29ADFE530063C1EC /* SceneDelegate.swift in Sources */,
				22DE8E1329AE172A0063C1EC /* Result_model.swift in Sources */,
				22DE8E2529AEF6F40063C1EC /* FullPlayViewController.swift in Sources */,
				22DE8E1129AE172A0063C1EC /* Settings_model.swift in Sources */,
				22DE8E2329AE18EF0063C1EC /* Value_model.swift in Sources */,
			);
			runOnlyForDeploymentPostprocessing = 0;
		};
/* End PBXSourcesBuildPhase section */

/* Begin PBXVariantGroup section */
		22DE8DEF29ADFE530063C1EC /* Main.storyboard */ = {
			isa = PBXVariantGroup;
			children = (
				22DE8DF029ADFE530063C1EC /* Base */,
			);
			name = Main.storyboard;
			sourceTree = "<group>";
		};
		22DE8DF429ADFE550063C1EC /* LaunchScreen.storyboard */ = {
			isa = PBXVariantGroup;
			children = (
				22DE8DF529ADFE550063C1EC /* Base */,
			);
			name = LaunchScreen.storyboard;
			sourceTree = "<group>";
		};
/* End PBXVariantGroup section */

/* Begin XCBuildConfiguration section */
		22DE8DF829ADFE550063C1EC /* Debug */ = {
			isa = XCBuildConfiguration;
			buildSettings = {
				ALWAYS_SEARCH_USER_PATHS = NO;
				CLANG_ANALYZER_NONNULL = YES;
				CLANG_ANALYZER_NUMBER_OBJECT_CONVERSION = YES_AGGRESSIVE;
				CLANG_CXX_LANGUAGE_STANDARD = "gnu++20";
				CLANG_ENABLE_MODULES = YES;
				CLANG_ENABLE_OBJC_ARC = YES;
				CLANG_ENABLE_OBJC_WEAK = YES;
				CLANG_WARN_BLOCK_CAPTURE_AUTORELEASING = YES;
				CLANG_WARN_BOOL_CONVERSION = YES;
				CLANG_WARN_COMMA = YES;
				CLANG_WARN_CONSTANT_CONVERSION = YES;
				CLANG_WARN_DEPRECATED_OBJC_IMPLEMENTATIONS = YES;
				CLANG_WARN_DIRECT_OBJC_ISA_USAGE = YES_ERROR;
				CLANG_WARN_DOCUMENTATION_COMMENTS = YES;
				CLANG_WARN_EMPTY_BODY = YES;
				CLANG_WARN_ENUM_CONVERSION = YES;
				CLANG_WARN_INFINITE_RECURSION = YES;
				CLANG_WARN_INT_CONVERSION = YES;
				CLANG_WARN_NON_LITERAL_NULL_CONVERSION = YES;
				CLANG_WARN_OBJC_IMPLICIT_RETAIN_SELF = YES;
				CLANG_WARN_OBJC_LITERAL_CONVERSION = YES;
				CLANG_WARN_OBJC_ROOT_CLASS = YES_ERROR;
				CLANG_WARN_QUOTED_INCLUDE_IN_FRAMEWORK_HEADER = YES;
				CLANG_WARN_RANGE_LOOP_ANALYSIS = YES;
				CLANG_WARN_STRICT_PROTOTYPES = YES;
				CLANG_WARN_SUSPICIOUS_MOVE = YES;
				CLANG_WARN_UNGUARDED_AVAILABILITY = YES_AGGRESSIVE;
				CLANG_WARN_UNREACHABLE_CODE = YES;
				CLANG_WARN__DUPLICATE_METHOD_MATCH = YES;
				COPY_PHASE_STRIP = NO;
				DEBUG_INFORMATION_FORMAT = dwarf;
				ENABLE_STRICT_OBJC_MSGSEND = YES;
				ENABLE_TESTABILITY = YES;
				GCC_C_LANGUAGE_STANDARD = gnu11;
				GCC_DYNAMIC_NO_PIC = NO;
				GCC_NO_COMMON_BLOCKS = YES;
				GCC_OPTIMIZATION_LEVEL = 0;
				GCC_PREPROCESSOR_DEFINITIONS = (
					"DEBUG=1",
					"$(inherited)",
				);
				GCC_WARN_64_TO_32_BIT_CONVERSION = YES;
				GCC_WARN_ABOUT_RETURN_TYPE = YES_ERROR;
				GCC_WARN_UNDECLARED_SELECTOR = YES;
				GCC_WARN_UNINITIALIZED_AUTOS = YES_AGGRESSIVE;
				GCC_WARN_UNUSED_FUNCTION = YES;
				GCC_WARN_UNUSED_VARIABLE = YES;
				IPHONEOS_DEPLOYMENT_TARGET = 13.0;
				MTL_ENABLE_DEBUG_INFO = INCLUDE_SOURCE;
				MTL_FAST_MATH = YES;
				ONLY_ACTIVE_ARCH = YES;
				SDKROOT = iphoneos;
				SWIFT_ACTIVE_COMPILATION_CONDITIONS = DEBUG;
				SWIFT_OPTIMIZATION_LEVEL = "-Onone";
			};
			name = Debug;
		};
		22DE8DF929ADFE550063C1EC /* Release */ = {
			isa = XCBuildConfiguration;
			buildSettings = {
				ALWAYS_SEARCH_USER_PATHS = NO;
				CLANG_ANALYZER_NONNULL = YES;
				CLANG_ANALYZER_NUMBER_OBJECT_CONVERSION = YES_AGGRESSIVE;
				CLANG_CXX_LANGUAGE_STANDARD = "gnu++20";
				CLANG_ENABLE_MODULES = YES;
				CLANG_ENABLE_OBJC_ARC = YES;
				CLANG_ENABLE_OBJC_WEAK = YES;
				CLANG_WARN_BLOCK_CAPTURE_AUTORELEASING = YES;
				CLANG_WARN_BOOL_CONVERSION = YES;
				CLANG_WARN_COMMA = YES;
				CLANG_WARN_CONSTANT_CONVERSION = YES;
				CLANG_WARN_DEPRECATED_OBJC_IMPLEMENTATIONS = YES;
				CLANG_WARN_DIRECT_OBJC_ISA_USAGE = YES_ERROR;
				CLANG_WARN_DOCUMENTATION_COMMENTS = YES;
				CLANG_WARN_EMPTY_BODY = YES;
				CLANG_WARN_ENUM_CONVERSION = YES;
				CLANG_WARN_INFINITE_RECURSION = YES;
				CLANG_WARN_INT_CONVERSION = YES;
				CLANG_WARN_NON_LITERAL_NULL_CONVERSION = YES;
				CLANG_WARN_OBJC_IMPLICIT_RETAIN_SELF = YES;
				CLANG_WARN_OBJC_LITERAL_CONVERSION = YES;
				CLANG_WARN_OBJC_ROOT_CLASS = YES_ERROR;
				CLANG_WARN_QUOTED_INCLUDE_IN_FRAMEWORK_HEADER = YES;
				CLANG_WARN_RANGE_LOOP_ANALYSIS = YES;
				CLANG_WARN_STRICT_PROTOTYPES = YES;
				CLANG_WARN_SUSPICIOUS_MOVE = YES;
				CLANG_WARN_UNGUARDED_AVAILABILITY = YES_AGGRESSIVE;
				CLANG_WARN_UNREACHABLE_CODE = YES;
				CLANG_WARN__DUPLICATE_METHOD_MATCH = YES;
				COPY_PHASE_STRIP = NO;
				DEBUG_INFORMATION_FORMAT = "dwarf-with-dsym";
				ENABLE_NS_ASSERTIONS = NO;
				ENABLE_STRICT_OBJC_MSGSEND = YES;
				GCC_C_LANGUAGE_STANDARD = gnu11;
				GCC_NO_COMMON_BLOCKS = YES;
				GCC_WARN_64_TO_32_BIT_CONVERSION = YES;
				GCC_WARN_ABOUT_RETURN_TYPE = YES_ERROR;
				GCC_WARN_UNDECLARED_SELECTOR = YES;
				GCC_WARN_UNINITIALIZED_AUTOS = YES_AGGRESSIVE;
				GCC_WARN_UNUSED_FUNCTION = YES;
				GCC_WARN_UNUSED_VARIABLE = YES;
				IPHONEOS_DEPLOYMENT_TARGET = 13.0;
				MTL_ENABLE_DEBUG_INFO = NO;
				MTL_FAST_MATH = YES;
				SDKROOT = iphoneos;
				SWIFT_COMPILATION_MODE = wholemodule;
				SWIFT_OPTIMIZATION_LEVEL = "-O";
				VALIDATE_PRODUCT = YES;
			};
			name = Release;
		};
		22DE8DFB29ADFE550063C1EC /* Debug */ = {
			isa = XCBuildConfiguration;
			buildSettings = {
				ASSETCATALOG_COMPILER_APPICON_NAME = AppIcon;
				ASSETCATALOG_COMPILER_GLOBAL_ACCENT_COLOR_NAME = AccentColor;
				CODE_SIGN_STYLE = Automatic;
				CURRENT_PROJECT_VERSION = 1;
				DEVELOPMENT_TEAM = 9QH2C3HN3Q;
				GENERATE_INFOPLIST_FILE = YES;
				INFOPLIST_FILE = Personal/Info.plist;
				INFOPLIST_KEY_UIApplicationSupportsIndirectInputEvents = YES;
				INFOPLIST_KEY_UILaunchStoryboardName = LaunchScreen;
				INFOPLIST_KEY_UIMainStoryboardFile = Main;
				INFOPLIST_KEY_UISupportedInterfaceOrientations = UIInterfaceOrientationPortrait;
				LD_RUNPATH_SEARCH_PATHS = (
					"$(inherited)",
					"@executable_path/Frameworks",
				);
				MARKETING_VERSION = 1.0;
				PRODUCT_BUNDLE_IDENTIFIER = com.wangbinji.Personal;
				PRODUCT_NAME = "$(TARGET_NAME)";
				SWIFT_EMIT_LOC_STRINGS = YES;
				SWIFT_VERSION = 5.0;
				TARGETED_DEVICE_FAMILY = "1,2";
			};
			name = Debug;
		};
		22DE8DFC29ADFE550063C1EC /* Release */ = {
			isa = XCBuildConfiguration;
			buildSettings = {
				ASSETCATALOG_COMPILER_APPICON_NAME = AppIcon;
				ASSETCATALOG_COMPILER_GLOBAL_ACCENT_COLOR_NAME = AccentColor;
				CODE_SIGN_STYLE = Automatic;
				CURRENT_PROJECT_VERSION = 1;
				DEVELOPMENT_TEAM = 9QH2C3HN3Q;
				GENERATE_INFOPLIST_FILE = YES;
				INFOPLIST_FILE = Personal/Info.plist;
				INFOPLIST_KEY_UIApplicationSupportsIndirectInputEvents = YES;
				INFOPLIST_KEY_UILaunchStoryboardName = LaunchScreen;
				INFOPLIST_KEY_UIMainStoryboardFile = Main;
				INFOPLIST_KEY_UISupportedInterfaceOrientations = UIInterfaceOrientationPortrait;
				LD_RUNPATH_SEARCH_PATHS = (
					"$(inherited)",
					"@executable_path/Frameworks",
				);
				MARKETING_VERSION = 1.0;
				PRODUCT_BUNDLE_IDENTIFIER = com.wangbinji.Personal;
				PRODUCT_NAME = "$(TARGET_NAME)";
				SWIFT_EMIT_LOC_STRINGS = YES;
				SWIFT_VERSION = 5.0;
				TARGETED_DEVICE_FAMILY = "1,2";
			};
			name = Release;
		};
/* End XCBuildConfiguration section */

/* Begin XCConfigurationList section */
		22DE8DE129ADFE530063C1EC /* Build configuration list for PBXProject "Personal" */ = {
			isa = XCConfigurationList;
			buildConfigurations = (
				22DE8DF829ADFE550063C1EC /* Debug */,
				22DE8DF929ADFE550063C1EC /* Release */,
			);
			defaultConfigurationIsVisible = 0;
			defaultConfigurationName = Release;
		};
		22DE8DFA29ADFE550063C1EC /* Build configuration list for PBXNativeTarget "Personal" */ = {
			isa = XCConfigurationList;
			buildConfigurations = (
				22DE8DFB29ADFE550063C1EC /* Debug */,
				22DE8DFC29ADFE550063C1EC /* Release */,
			);
			defaultConfigurationIsVisible = 0;
			defaultConfigurationName = Release;
		};
/* End XCConfigurationList section */

/* Begin XCRemoteSwiftPackageReference section */
		22DE8DFD29AE02470063C1EC /* XCRemoteSwiftPackageReference "SwiftyJSON" */ = {
			isa = XCRemoteSwiftPackageReference;
			repositoryURL = "https://github.com/SwiftyJSON/SwiftyJSON.git";
			requirement = {
				branch = master;
				kind = branch;
			};
		};
		22DE8E0029AE02850063C1EC /* XCRemoteSwiftPackageReference "SnapKit" */ = {
			isa = XCRemoteSwiftPackageReference;
			repositoryURL = "https://github.com/SnapKit/SnapKit.git";
			requirement = {
				branch = develop;
				kind = branch;
			};
		};
		22DE8E0329AE07A50063C1EC /* XCRemoteSwiftPackageReference "RxSwift" */ = {
			isa = XCRemoteSwiftPackageReference;
			repositoryURL = "https://github.com/ReactiveX/RxSwift.git";
			requirement = {
				kind = upToNextMajorVersion;
				minimumVersion = 6.0.0;
			};
		};
/* End XCRemoteSwiftPackageReference section */

/* Begin XCSwiftPackageProductDependency section */
		22DE8DFE29AE02470063C1EC /* SwiftyJSON */ = {
			isa = XCSwiftPackageProductDependency;
			package = 22DE8DFD29AE02470063C1EC /* XCRemoteSwiftPackageReference "SwiftyJSON" */;
			productName = SwiftyJSON;
		};
		22DE8E0129AE02850063C1EC /* SnapKit */ = {
			isa = XCSwiftPackageProductDependency;
			package = 22DE8E0029AE02850063C1EC /* XCRemoteSwiftPackageReference "SnapKit" */;
			productName = SnapKit;
		};
/* End XCSwiftPackageProductDependency section */
	};
	rootObject = 22DE8DDE29ADFE530063C1EC /* Project object */;
}
